{
  "name": "proshop",
  "lockfileVersion": 3,
  "requires": true,
  "packages": {
    "": {
      "dependencies": {
        "reactide-config": "^1.0.2"
      }
    },
    "node_modules/reactide-config": {
      "version": "1.0.2",
      "resolved": "https://registry.npmjs.org/reactide-config/-/reactide-config-1.0.2.tgz",
      "integrity": "sha512-lqLkB2yjqJxPgjmUHToYXcbDDAGyQTi1OcewBnakFzwvH+Gjr3DbYCfVN6wAb4yrLCYCnoreKlcaO1ZnlZ/WtA=="
    }
  }
}
